
Microsoft Visual Studio Solution File, Format Version 12.00
# Visual Studio Version 17
VisualStudioVersion = 17.1.32414.318
MinimumVisualStudioVersion = 10.0.40219.1
Project("{FAE04EC0-301F-11D3-BF4B-00C04F79EFBC}") = "WireBrainCoffee.CustomersApp", "WireBrainCoffee.CustomersApp\WireBrainCoffee.CustomersApp.csproj", "{E98E2BED-11E9-45EB-B201-CC51F069D3E5}"
EndProject
Global
	GlobalSection(SolutionConfigurationPlatforms) = preSolution
		Debug|Any CPU = Debug|Any CPU
		Release|Any CPU = Release|Any CPU
	EndGlobalSection
	GlobalSection(ProjectConfigurationPlatforms) = postSolution
		{E98E2BED-11E9-45EB-B201-CC51F069D3E5}.Debug|Any CPU.ActiveCfg = Debug|Any CPU
		{E98E2BED-11E9-45EB-B201-CC51F069D3E5}.Debug|Any CPU.Build.0 = Debug|Any CPU
		{E98E2BED-11E9-45EB-B201-CC51F069D3E5}.Release|Any CPU.ActiveCfg = Release|Any CPU
		{E98E2BED-11E9-45EB-B201-CC51F069D3E5}.Release|Any CPU.Build.0 = Release|Any CPU
	EndGlobalSection
	GlobalSection(SolutionProperties) = preSolution
		HideSolutionNode = FALSE
	EndGlobalSection
	GlobalSection(ExtensibilityGlobals) = postSolution
		SolutionGuid = {A5112D45-0B93-4430-8943-37316CD239F6}
	EndGlobalSection
EndGlobal
